
Microsoft Visual Studio Solution File, Format Version 12.00
# Visual Studio Version 16
VisualStudioVersion = 16.0.30717.126
MinimumVisualStudioVersion = 10.0.40219.1
Project("{9A19103F-16F7-4668-BE54-9A1E7A4F7556}") = "UseWin32", "UseWin32.csproj", "{561DAD80-E0A7-4111-9F0D-911FE88288F9}"
EndProject
Project("{9A19103F-16F7-4668-BE54-9A1E7A4F7556}") = "EnumerateResources", "..\EnumerateResources\EnumerateResources.csproj", "{507B95C2-A742-455E-96B1-9F7E40E73CF8}"
EndProject
Global
	GlobalSection(SolutionConfigurationPlatforms) = preSolution
		Debug|Any CPU = Debug|Any CPU
		Release|Any CPU = Release|Any CPU
	EndGlobalSection
	GlobalSection(ProjectConfigurationPlatforms) = postSolution
		{561DAD80-E0A7-4111-9F0D-911FE88288F9}.Debug|Any CPU.ActiveCfg = Debug|Any CPU
		{561DAD80-E0A7-4111-9F0D-911FE88288F9}.Debug|Any CPU.Build.0 = Debug|Any CPU
		{561DAD80-E0A7-4111-9F0D-911FE88288F9}.Release|Any CPU.ActiveCfg = Release|Any CPU
		{561DAD80-E0A7-4111-9F0D-911FE88288F9}.Release|Any CPU.Build.0 = Release|Any CPU
		{507B95C2-A742-455E-96B1-9F7E40E73CF8}.Debug|Any CPU.ActiveCfg = Debug|Any CPU
		{507B95C2-A742-455E-96B1-9F7E40E73CF8}.Debug|Any CPU.Build.0 = Debug|Any CPU
		{507B95C2-A742-455E-96B1-9F7E40E73CF8}.Release|Any CPU.ActiveCfg = Release|Any CPU
		{507B95C2-A742-455E-96B1-9F7E40E73CF8}.Release|Any CPU.Build.0 = Release|Any CPU
	EndGlobalSection
	GlobalSection(SolutionProperties) = preSolution
		HideSolutionNode = FALSE
	EndGlobalSection
	GlobalSection(ExtensibilityGlobals) = postSolution
		SolutionGuid = {F8A4CECC-2325-42D1-9378-37CCDE255811}
	EndGlobalSection
EndGlobal
